{
    "_readme": [
        "This file locks the dependencies of your project to a known state",
        "Read more about it at https://getcomposer.org/doc/01-basic-usage.md#installing-dependencies",
        "This file is @generated automatically"
    ],
    "content-hash": "4a7fdeb08d625c97ba3ec3bbe06d4415",
    "packages": [
        {
            "name": "oni/new-folder",
            "version": "dev-main",
            "source": {
                "type": "git",
                "url": "https://github.com/OnitaAndrei/Composer.git",
                "reference": "c04038cda8faed08df72dd0872f0ef1c6df445d1"
            },
            "dist": {
                "type": "zip",
                "url": "https://api.github.com/repos/OnitaAndrei/Composer/zipball/c04038cda8faed08df72dd0872f0ef1c6df445d1",
                "reference": "c04038cda8faed08df72dd0872f0ef1c6df445d1",
                "shasum": ""
            },
            "default-branch": true,
            "type": "project",
            "autoload": {
                "psr-4": {
                    "Oni\\Project\\": "src/"
                }
            },
            "authors": [
                {
                    "name": "OnitaAndrei",
                    "email": "onitaandrei2000@gmail.com"
                }
            ],
            "description": "No description",
            "support": {
                "source": "https://github.com/OnitaAndrei/Composer/tree/main",
                "issues": "https://github.com/OnitaAndrei/Composer/issues"
            },
            "time": "2022-03-02T15:06:03+00:00"
        }
    ],
    "packages-dev": [],
    "aliases": [],
    "minimum-stability": "stable",
    "stability-flags": {
        "oni/new-folder": 20
    },
    "prefer-stable": false,
    "prefer-lowest": false,
    "platform": [],
    "platform-dev": [],
    "plugin-api-version": "2.2.0"
}
